
Microsoft Visual Studio Solution File, Format Version 12.00
# Visual Studio Version 17
VisualStudioVersion = 17.5.002.0
MinimumVisualStudioVersion = 10.0.40219.1
Project("{2150E333-8FDC-42A3-9474-1A3956D46DE8}") = "Practicum_10.1_Opdrachten", "Practicum_10.1_Opdrachten", "{AF5C2929-1B3B-435B-8138-3659BF8BFC37}"
EndProject
Project("{9A19103F-16F7-4668-BE54-9A1E7A4F7556}") = "MyNeuralNetworkProject", "Practicum_10.1_Opdrachten\MyNeuralNetworkProject\MyNeuralNetworkProject.csproj", "{ABCA4068-5386-420D-A63B-620524A28860}"
EndProject
Global
	GlobalSection(SolutionConfigurationPlatforms) = preSolution
		Debug|Any CPU = Debug|Any CPU
		Release|Any CPU = Release|Any CPU
	EndGlobalSection
	GlobalSection(ProjectConfigurationPlatforms) = postSolution
		{ABCA4068-5386-420D-A63B-620524A28860}.Debug|Any CPU.ActiveCfg = Debug|Any CPU
		{ABCA4068-5386-420D-A63B-620524A28860}.Debug|Any CPU.Build.0 = Debug|Any CPU
		{ABCA4068-5386-420D-A63B-620524A28860}.Release|Any CPU.ActiveCfg = Release|Any CPU
		{ABCA4068-5386-420D-A63B-620524A28860}.Release|Any CPU.Build.0 = Release|Any CPU
	EndGlobalSection
	GlobalSection(SolutionProperties) = preSolution
		HideSolutionNode = FALSE
	EndGlobalSection
	GlobalSection(NestedProjects) = preSolution
		{ABCA4068-5386-420D-A63B-620524A28860} = {AF5C2929-1B3B-435B-8138-3659BF8BFC37}
	EndGlobalSection
	GlobalSection(ExtensibilityGlobals) = postSolution
		SolutionGuid = {CD7284D5-A25C-4645-9AC2-F71C28E726CF}
	EndGlobalSection
EndGlobal
